547BA610DCB1E3522D58C86C35BF80FDA829208A3D6215DA6F8CF450E5BDED35CAE5C7EDB9D00810DFA8067EA380707D3871BE089D1D6435B5BE37BCAADE89C5180F8B28F39AFF59510161E316C4F09AB6446573301C57201FC726B226666B7AD266F0A14D6E200C4F17308BAE5A5049CDEE06F4D850F82E9D3333764759ABB17C8E4DDEA29C7A44CB6AA590F1E24A501BF25D7CC86E1A3DB6546AD49C9CA291A7855070EBBF98C5D4395559B2FE95DC5BB2271EE8253E61167B0B2391AA22FD43A0AE1C3B62B5AB7B310BFCD8DF7E203EA21AEAA40F9A12C33B9D881A32C92B939F6D7787C409CCFA1BDBA1161439C62BE33EF98075FADF85908211C5526FB11287A79C6B68DCB7B60CBBE82FD7DD4C59437A7BAC67DA1661EC2D0098E45AFC6021F443661EC0DF95AE9E74191055A9DDC029997D2A924B759EB5D52BF980D91021DB60B6C0F694F97357C5538F8521C76E4FB61AD7B90416E0D8D48A9122C6087ABEAD9265DDE8415044BB6916AE7D0DEE565602C7E76E7FE5364612B62F22CA8EF234F4372FD8A8574918D2289D6DDC73E118B91A5DE0EF793878AC819C095E229805A6F980587F3D5ADE9F8B80CA7B25B69E52843AF040038583A6C3A4B8846CF8F90636613AE2541111214F58A8E7314B3D0352502B5A43BC7EC119A62CCB3A18746D704B52EE1FEDAF3D899EB840762679543F682DBE52601646E4E4A9247FAF4014151101AAF247C3AEB0648764C161B54E50DAD2D68ABDD2576D14239A4F8873E3E57F518026C09D00954DB92A15502AB54FE92DDD72CAEF435889F0F1B3257C51362E5CD23E2DA6389A2CC27D4346990375438585623E51226E7B62D0C47B19F80F83FD264B6AA05CCE1201CA547B9444F9757F3F76E03672C8CA9E23AFF0F4EEF22883F94CAB3CA6F7827DE8A3B929035112AA90D20F77A1877972EACA791B9E0B01BA757D2E1F011AB3E3726642CCAEEC85D879C9B169934E012BB4BF8988933AED2FA4D4AC6CF483F5DDF0BFA3A31CE86A7BEFD78B7F4DE46ADA5D056C97ADB16CCE532407D5FF0F991CDF2EF40128C2E112EABC818135ACC3820591E75E9AE7B9ABAC1E32A99577341CA328943DB3D58D6E3F167386F22540D78E3633B61016F835181D8203E9E8D1B511C386901BB0BB1179E727DCFD0A327FD115092ED820AE5E77E68E3E9C841D9E7446B34E88EBE01F96A149543B6660545C39EE872C781BD63E1BE1DDFC6040DCD1526E9E90576F63DE1962A691E4494DA9FD1656679A608ED73F29E6C1AEA7397998E689F1CFB7AFC90D3A641C72977E81A32C476E2CAC9976E7B562687C96CA2D06C6F431FB43311BE1C202ABA8E05F15BE66BB6312C2AA4DBA53B95A32B102A642CD6523DC5807745B7AAF69F081D54A073C6A0A211ADD63F75DE79921FF4CFC550E91ABB0CC57ECFE7B9B7388F1EC7428D61C08481B8EAD27343E4E3A31E5D26A3A3493C79D6F1FEFBD1FE24C4D8742036F46F22CD00650AFF77B12ED59EE1556595F2F22ABCA9790A37F122E8F96A5A2D6139C35D25A02607AB55D8BCFD9DEF5BA0218E2A31D171C56C22BB87A9177D16B8A7971C4658F736F684BBBBE92D37D8779A8AB30CC5F436E77B721AE25B6E32625E76C5E7AF92E0E85DBE8EC2E3305BB7F07740DC667A7044AD7EEAB4572399F74D1790EF282E4EEA956936F891370B7136F4F9A52BF8DA4D9E188C00FF3E6EA0984633B4518F7AA7C71734AE3EA5D4A7B2046F2F25C4EC2F6422A3C32D7DE356654CD8D0B2AC397ECEAFD8609BFAFD15743DA508BA9198D512934A5B7853E1F772E90579B52BCF7131F74A18E247D2FD5A8F341AFA1367D7F030F9B28622BE30762249A7F7EDAF52D3FCC1EE75E3861197B9A2573B7849D36FE5F3E4D6F80B644D387B4F20ABCC16F7BCB354FEE1F29E8B4ABC4FF11C8EC0D89A81498EDDE2ECDDB5B2380E28A51794D6C3CA804A5C3DA2DA7881BA6F96B3C7952AEA1